{
    "name": "@loupeteam/librarybuilderproject",
    "version": "0.2.0",
    "lockfileVersion": 3,
    "requires": true,
    "packages": {
        "": {
            "name": "@loupeteam/librarybuilderproject",
            "version": "0.2.0",
            "license": "MIT",
            "dependencies": {
                "@loupeteam/librarybuilderproject": "^0.3.0",
                "@loupeteam/ombson": "^0.2.0"
            }
        },
        "node_modules/@loupeteam/librarybuilderproject": {
            "version": "0.3.0",
            "resolved": "https://npm.pkg.github.com/download/@loupeteam/librarybuilderproject/0.3.0/9c3c1fc98350439d618573f3b465d94e3ae1e000",
            "integrity": "sha512-kUOwhpPoqQ1DikLGFBH3c8+nsb28ayX2IpQRC0UaEg34cV4GrRoI0FvkSovc3tgrGohpyvxFPRy5C6TM5wj7JA==",
            "license": "MIT"
        },
        "node_modules/@loupeteam/ombson": {
            "version": "0.2.0",
            "resolved": "https://npm.pkg.github.com/download/@loupeteam/ombson/0.2.0/4a775af5df03ca750a323e7d8db5e26ca84669ba",
            "integrity": "sha512-dFwwwDIp5+pf62EbLoXnOe3hPIGPF0t9dERMiHqXzG6FFCvwY7nEUUvjPRTxupuyAorXI4e1WRNnCjLZ1gvkWA==",
            "license": "Loupe Software License Agreement"
        }
    }
}
